
Microsoft Visual Studio Solution File, Format Version 12.00
# Visual Studio Express 2012 for Windows Desktop
Project("{FAE04EC0-301F-11D3-BF4B-00C04F79EFBC}") = "CmdLineHost", "CmdLineHost\CmdLineHost.csproj", "{AEB47E1D-46F3-42EE-ABA3-6A00A71642ED}"
EndProject
Project("{FAE04EC0-301F-11D3-BF4B-00C04F79EFBC}") = "Willowsoft.ServerLib", "ServerLib\Willowsoft.ServerLib.csproj", "{A97D97A5-31F6-496A-B7E6-FF9BF51F53DE}"
EndProject
Project("{FAE04EC0-301F-11D3-BF4B-00C04F79EFBC}") = "Willowsoft.SampleWebApp", "SampleWebApp\Willowsoft.SampleWebApp.csproj", "{0C4C49BC-7C61-45AC-A6DE-5FC66E535C2E}"
EndProject
Project("{FAE04EC0-301F-11D3-BF4B-00C04F79EFBC}") = "Willowsoft.WebServerLib", "Willowsoft.WebServerLib\Willowsoft.WebServerLib.csproj", "{BA14813B-E5B4-4DFC-8823-1FB43D6D8095}"
EndProject
Project("{FAE04EC0-301F-11D3-BF4B-00C04F79EFBC}") = "Willowsoft.WebContentLib", "WebContentLib\Willowsoft.WebContentLib.csproj", "{6C330708-A4BE-4CB2-9929-C693AEB84539}"
EndProject
Project("{FAE04EC0-301F-11D3-BF4B-00C04F79EFBC}") = "CmdLineHostSimple", "CmdLineHostSimple\CmdLineHostSimple.csproj", "{821BF77B-21C6-4F78-BF15-FE7EE9C81BD3}"
EndProject
Project("{FAE04EC0-301F-11D3-BF4B-00C04F79EFBC}") = "WebServerTest", "WebServerTest\WebServerTest.csproj", "{CB4647A7-A25E-4037-9820-9F53D2DCEFCA}"
EndProject
Global
	GlobalSection(SolutionConfigurationPlatforms) = preSolution
		Debug|Any CPU = Debug|Any CPU
		Debug|Mixed Platforms = Debug|Mixed Platforms
		Debug|x86 = Debug|x86
		Release|Any CPU = Release|Any CPU
		Release|Mixed Platforms = Release|Mixed Platforms
		Release|x86 = Release|x86
	EndGlobalSection
	GlobalSection(ProjectConfigurationPlatforms) = postSolution
		{AEB47E1D-46F3-42EE-ABA3-6A00A71642ED}.Debug|Any CPU.ActiveCfg = Debug|x86
		{AEB47E1D-46F3-42EE-ABA3-6A00A71642ED}.Debug|Mixed Platforms.ActiveCfg = Debug|x86
		{AEB47E1D-46F3-42EE-ABA3-6A00A71642ED}.Debug|Mixed Platforms.Build.0 = Debug|x86
		{AEB47E1D-46F3-42EE-ABA3-6A00A71642ED}.Debug|x86.ActiveCfg = Debug|x86
		{AEB47E1D-46F3-42EE-ABA3-6A00A71642ED}.Debug|x86.Build.0 = Debug|x86
		{AEB47E1D-46F3-42EE-ABA3-6A00A71642ED}.Release|Any CPU.ActiveCfg = Release|x86
		{AEB47E1D-46F3-42EE-ABA3-6A00A71642ED}.Release|Mixed Platforms.ActiveCfg = Release|x86
		{AEB47E1D-46F3-42EE-ABA3-6A00A71642ED}.Release|Mixed Platforms.Build.0 = Release|x86
		{AEB47E1D-46F3-42EE-ABA3-6A00A71642ED}.Release|x86.ActiveCfg = Release|x86
		{AEB47E1D-46F3-42EE-ABA3-6A00A71642ED}.Release|x86.Build.0 = Release|x86
		{A97D97A5-31F6-496A-B7E6-FF9BF51F53DE}.Debug|Any CPU.ActiveCfg = Debug|Any CPU
		{A97D97A5-31F6-496A-B7E6-FF9BF51F53DE}.Debug|Any CPU.Build.0 = Debug|Any CPU
		{A97D97A5-31F6-496A-B7E6-FF9BF51F53DE}.Debug|Mixed Platforms.ActiveCfg = Debug|Any CPU
		{A97D97A5-31F6-496A-B7E6-FF9BF51F53DE}.Debug|Mixed Platforms.Build.0 = Debug|Any CPU
		{A97D97A5-31F6-496A-B7E6-FF9BF51F53DE}.Debug|x86.ActiveCfg = Debug|Any CPU
		{A97D97A5-31F6-496A-B7E6-FF9BF51F53DE}.Release|Any CPU.ActiveCfg = Release|Any CPU
		{A97D97A5-31F6-496A-B7E6-FF9BF51F53DE}.Release|Any CPU.Build.0 = Release|Any CPU
		{A97D97A5-31F6-496A-B7E6-FF9BF51F53DE}.Release|Mixed Platforms.ActiveCfg = Release|Any CPU
		{A97D97A5-31F6-496A-B7E6-FF9BF51F53DE}.Release|Mixed Platforms.Build.0 = Release|Any CPU
		{A97D97A5-31F6-496A-B7E6-FF9BF51F53DE}.Release|x86.ActiveCfg = Release|Any CPU
		{0C4C49BC-7C61-45AC-A6DE-5FC66E535C2E}.Debug|Any CPU.ActiveCfg = Debug|Any CPU
		{0C4C49BC-7C61-45AC-A6DE-5FC66E535C2E}.Debug|Any CPU.Build.0 = Debug|Any CPU
		{0C4C49BC-7C61-45AC-A6DE-5FC66E535C2E}.Debug|Mixed Platforms.ActiveCfg = Debug|Any CPU
		{0C4C49BC-7C61-45AC-A6DE-5FC66E535C2E}.Debug|Mixed Platforms.Build.0 = Debug|Any CPU
		{0C4C49BC-7C61-45AC-A6DE-5FC66E535C2E}.Debug|x86.ActiveCfg = Debug|Any CPU
		{0C4C49BC-7C61-45AC-A6DE-5FC66E535C2E}.Release|Any CPU.ActiveCfg = Release|Any CPU
		{0C4C49BC-7C61-45AC-A6DE-5FC66E535C2E}.Release|Any CPU.Build.0 = Release|Any CPU
		{0C4C49BC-7C61-45AC-A6DE-5FC66E535C2E}.Release|Mixed Platforms.ActiveCfg = Release|Any CPU
		{0C4C49BC-7C61-45AC-A6DE-5FC66E535C2E}.Release|Mixed Platforms.Build.0 = Release|Any CPU
		{0C4C49BC-7C61-45AC-A6DE-5FC66E535C2E}.Release|x86.ActiveCfg = Release|Any CPU
		{BA14813B-E5B4-4DFC-8823-1FB43D6D8095}.Debug|Any CPU.ActiveCfg = Debug|Any CPU
		{BA14813B-E5B4-4DFC-8823-1FB43D6D8095}.Debug|Any CPU.Build.0 = Debug|Any CPU
		{BA14813B-E5B4-4DFC-8823-1FB43D6D8095}.Debug|Mixed Platforms.ActiveCfg = Debug|Any CPU
		{BA14813B-E5B4-4DFC-8823-1FB43D6D8095}.Debug|Mixed Platforms.Build.0 = Debug|Any CPU
		{BA14813B-E5B4-4DFC-8823-1FB43D6D8095}.Debug|x86.ActiveCfg = Debug|Any CPU
		{BA14813B-E5B4-4DFC-8823-1FB43D6D8095}.Release|Any CPU.ActiveCfg = Release|Any CPU
		{BA14813B-E5B4-4DFC-8823-1FB43D6D8095}.Release|Any CPU.Build.0 = Release|Any CPU
		{BA14813B-E5B4-4DFC-8823-1FB43D6D8095}.Release|Mixed Platforms.ActiveCfg = Release|Any CPU
		{BA14813B-E5B4-4DFC-8823-1FB43D6D8095}.Release|Mixed Platforms.Build.0 = Release|Any CPU
		{BA14813B-E5B4-4DFC-8823-1FB43D6D8095}.Release|x86.ActiveCfg = Release|Any CPU
		{6C330708-A4BE-4CB2-9929-C693AEB84539}.Debug|Any CPU.ActiveCfg = Debug|Any CPU
		{6C330708-A4BE-4CB2-9929-C693AEB84539}.Debug|Any CPU.Build.0 = Debug|Any CPU
		{6C330708-A4BE-4CB2-9929-C693AEB84539}.Debug|Mixed Platforms.ActiveCfg = Debug|Any CPU
		{6C330708-A4BE-4CB2-9929-C693AEB84539}.Debug|Mixed Platforms.Build.0 = Debug|Any CPU
		{6C330708-A4BE-4CB2-9929-C693AEB84539}.Debug|x86.ActiveCfg = Debug|Any CPU
		{6C330708-A4BE-4CB2-9929-C693AEB84539}.Release|Any CPU.ActiveCfg = Release|Any CPU
		{6C330708-A4BE-4CB2-9929-C693AEB84539}.Release|Any CPU.Build.0 = Release|Any CPU
		{6C330708-A4BE-4CB2-9929-C693AEB84539}.Release|Mixed Platforms.ActiveCfg = Release|Any CPU
		{6C330708-A4BE-4CB2-9929-C693AEB84539}.Release|Mixed Platforms.Build.0 = Release|Any CPU
		{6C330708-A4BE-4CB2-9929-C693AEB84539}.Release|x86.ActiveCfg = Release|Any CPU
		{821BF77B-21C6-4F78-BF15-FE7EE9C81BD3}.Debug|Any CPU.ActiveCfg = Debug|Any CPU
		{821BF77B-21C6-4F78-BF15-FE7EE9C81BD3}.Debug|Any CPU.Build.0 = Debug|Any CPU
		{821BF77B-21C6-4F78-BF15-FE7EE9C81BD3}.Debug|Mixed Platforms.ActiveCfg = Debug|Any CPU
		{821BF77B-21C6-4F78-BF15-FE7EE9C81BD3}.Debug|Mixed Platforms.Build.0 = Debug|Any CPU
		{821BF77B-21C6-4F78-BF15-FE7EE9C81BD3}.Debug|x86.ActiveCfg = Debug|Any CPU
		{821BF77B-21C6-4F78-BF15-FE7EE9C81BD3}.Release|Any CPU.ActiveCfg = Release|Any CPU
		{821BF77B-21C6-4F78-BF15-FE7EE9C81BD3}.Release|Any CPU.Build.0 = Release|Any CPU
		{821BF77B-21C6-4F78-BF15-FE7EE9C81BD3}.Release|Mixed Platforms.ActiveCfg = Release|Any CPU
		{821BF77B-21C6-4F78-BF15-FE7EE9C81BD3}.Release|Mixed Platforms.Build.0 = Release|Any CPU
		{821BF77B-21C6-4F78-BF15-FE7EE9C81BD3}.Release|x86.ActiveCfg = Release|Any CPU
		{CB4647A7-A25E-4037-9820-9F53D2DCEFCA}.Debug|Any CPU.ActiveCfg = Debug|Any CPU
		{CB4647A7-A25E-4037-9820-9F53D2DCEFCA}.Debug|Any CPU.Build.0 = Debug|Any CPU
		{CB4647A7-A25E-4037-9820-9F53D2DCEFCA}.Debug|Mixed Platforms.ActiveCfg = Debug|Any CPU
		{CB4647A7-A25E-4037-9820-9F53D2DCEFCA}.Debug|Mixed Platforms.Build.0 = Debug|Any CPU
		{CB4647A7-A25E-4037-9820-9F53D2DCEFCA}.Debug|x86.ActiveCfg = Debug|Any CPU
		{CB4647A7-A25E-4037-9820-9F53D2DCEFCA}.Release|Any CPU.ActiveCfg = Release|Any CPU
		{CB4647A7-A25E-4037-9820-9F53D2DCEFCA}.Release|Any CPU.Build.0 = Release|Any CPU
		{CB4647A7-A25E-4037-9820-9F53D2DCEFCA}.Release|Mixed Platforms.ActiveCfg = Release|Any CPU
		{CB4647A7-A25E-4037-9820-9F53D2DCEFCA}.Release|Mixed Platforms.Build.0 = Release|Any CPU
		{CB4647A7-A25E-4037-9820-9F53D2DCEFCA}.Release|x86.ActiveCfg = Release|Any CPU
	EndGlobalSection
	GlobalSection(SolutionProperties) = preSolution
		HideSolutionNode = FALSE
	EndGlobalSection
EndGlobal
